
Microsoft Visual Studio Solution File, Format Version 12.00
# Visual Studio Version 17
VisualStudioVersion = 17.0.31903.59
MinimumVisualStudioVersion = 10.0.40219.1
Project("{FAE04EC0-301F-11D3-BF4B-00C04F79EFBC}") = "imasderol.api", "imasderol.api\imasderol.api.csproj", "{BE7B7592-9A13-42E2-9C1A-54EC05EAE09D}"
EndProject
Project("{FAE04EC0-301F-11D3-BF4B-00C04F79EFBC}") = "imasderol.infrastructure", "imasderol.infrastructure\imasderol.infrastructure.csproj", "{7D51DE91-E2F6-4287-87D7-4E1150EC1B2A}"
EndProject
Project("{FAE04EC0-301F-11D3-BF4B-00C04F79EFBC}") = "imasderol.application", "imasderol.application\imasderol.application.csproj", "{2D6495AD-82C7-4460-B074-CB4E27B7679B}"
EndProject
Project("{FAE04EC0-301F-11D3-BF4B-00C04F79EFBC}") = "imasderol.domain", "imasderol.domain\imasderol.domain.csproj", "{972BB31A-0BB6-49B7-8A12-47335F87905A}"
EndProject
Global
	GlobalSection(SolutionConfigurationPlatforms) = preSolution
		Debug|Any CPU = Debug|Any CPU
		Release|Any CPU = Release|Any CPU
	EndGlobalSection
	GlobalSection(SolutionProperties) = preSolution
		HideSolutionNode = FALSE
	EndGlobalSection
	GlobalSection(ProjectConfigurationPlatforms) = postSolution
		{BE7B7592-9A13-42E2-9C1A-54EC05EAE09D}.Debug|Any CPU.ActiveCfg = Debug|Any CPU
		{BE7B7592-9A13-42E2-9C1A-54EC05EAE09D}.Debug|Any CPU.Build.0 = Debug|Any CPU
		{BE7B7592-9A13-42E2-9C1A-54EC05EAE09D}.Release|Any CPU.ActiveCfg = Release|Any CPU
		{BE7B7592-9A13-42E2-9C1A-54EC05EAE09D}.Release|Any CPU.Build.0 = Release|Any CPU
		{7D51DE91-E2F6-4287-87D7-4E1150EC1B2A}.Debug|Any CPU.ActiveCfg = Debug|Any CPU
		{7D51DE91-E2F6-4287-87D7-4E1150EC1B2A}.Debug|Any CPU.Build.0 = Debug|Any CPU
		{7D51DE91-E2F6-4287-87D7-4E1150EC1B2A}.Release|Any CPU.ActiveCfg = Release|Any CPU
		{7D51DE91-E2F6-4287-87D7-4E1150EC1B2A}.Release|Any CPU.Build.0 = Release|Any CPU
		{2D6495AD-82C7-4460-B074-CB4E27B7679B}.Debug|Any CPU.ActiveCfg = Debug|Any CPU
		{2D6495AD-82C7-4460-B074-CB4E27B7679B}.Debug|Any CPU.Build.0 = Debug|Any CPU
		{2D6495AD-82C7-4460-B074-CB4E27B7679B}.Release|Any CPU.ActiveCfg = Release|Any CPU
		{2D6495AD-82C7-4460-B074-CB4E27B7679B}.Release|Any CPU.Build.0 = Release|Any CPU
		{972BB31A-0BB6-49B7-8A12-47335F87905A}.Debug|Any CPU.ActiveCfg = Debug|Any CPU
		{972BB31A-0BB6-49B7-8A12-47335F87905A}.Debug|Any CPU.Build.0 = Debug|Any CPU
		{972BB31A-0BB6-49B7-8A12-47335F87905A}.Release|Any CPU.ActiveCfg = Release|Any CPU
		{972BB31A-0BB6-49B7-8A12-47335F87905A}.Release|Any CPU.Build.0 = Release|Any CPU
	EndGlobalSection
EndGlobal
